// !$*UTF8*$!
{
	archiveVersion = 1;
	classes = {
	};
	objectVersion = 50;
	objects = {

/* Begin PBXBuildFile section */
		362C2B8B216A1C2300B682D6 /* AppDelegate.swift in Sources */ = {isa = PBXBuildFile; fileRef = 362C2B8A216A1C2300B682D6 /* AppDelegate.swift */; };
		362C2B8D216A1C2300B682D6 /* ViewController.swift in Sources */ = {isa = PBXBuildFile; fileRef = 362C2B8C216A1C2300B682D6 /* ViewController.swift */; };
		362C2B90216A1C2300B682D6 /* Main.storyboard in Resources */ = {isa = PBXBuildFile; fileRef = 362C2B8E216A1C2300B682D6 /* Main.storyboard */; };
		362C2B92216A1C2400B682D6 /* Assets.xcassets in Resources */ = {isa = PBXBuildFile; fileRef = 362C2B91216A1C2400B682D6 /* Assets.xcassets */; };
		362C2B95216A1C2400B682D6 /* LaunchScreen.storyboard in Resources */ = {isa = PBXBuildFile; fileRef = 362C2B93216A1C2400B682D6 /* LaunchScreen.storyboard */; };
		362C2BA0216A1C2400B682D6 /* HighChartsSampleTests.swift in Sources */ = {isa = PBXBuildFile; fileRef = 362C2B9F216A1C2400B682D6 /* HighChartsSampleTests.swift */; };
		362C2BAB216A1C2400B682D6 /* HighChartsSampleUITests.swift in Sources */ = {isa = PBXBuildFile; fileRef = 362C2BAA216A1C2400B682D6 /* HighChartsSampleUITests.swift */; };
		362C2BB9216A228100B682D6 /* Highcharts.framework in Frameworks */ = {isa = PBXBuildFile; fileRef = 362C2BB8216A228100B682D6 /* Highcharts.framework */; };
		362C2BBA216A228100B682D6 /* Highcharts.framework in Embed Frameworks */ = {isa = PBXBuildFile; fileRef = 362C2BB8216A228100B682D6 /* Highcharts.framework */; settings = {ATTRIBUTES = (CodeSignOnCopy, RemoveHeadersOnCopy, ); }; };
/* End PBXBuildFile section */

/* Begin PBXContainerItemProxy section */
		362C2B9C216A1C2400B682D6 /* PBXContainerItemProxy */ = {
			isa = PBXContainerItemProxy;
			containerPortal = 362C2B7F216A1C2300B682D6 /* Project object */;
			proxyType = 1;
			remoteGlobalIDString = 362C2B86216A1C2300B682D6;
			remoteInfo = HighChartsSample;
		};
		362C2BA7216A1C2400B682D6 /* PBXContainerItemProxy */ = {
			isa = PBXContainerItemProxy;
			containerPortal = 362C2B7F216A1C2300B682D6 /* Project object */;
			proxyType = 1;
			remoteGlobalIDString = 362C2B86216A1C2300B682D6;
			remoteInfo = HighChartsSample;
		};
/* End PBXContainerItemProxy section */

/* Begin PBXCopyFilesBuildPhase section */
		362C2BBB216A228100B682D6 /* Embed Frameworks */ = {
			isa = PBXCopyFilesBuildPhase;
			buildActionMask = 2147483647;
			dstPath = "";
			dstSubfolderSpec = 10;
			files = (
				362C2BBA216A228100B682D6 /* Highcharts.framework in Embed Frameworks */,
			);
			name = "Embed Frameworks";
			runOnlyForDeploymentPostprocessing = 0;
		};
/* End PBXCopyFilesBuildPhase section */

/* Begin PBXFileReference section */
		362C2B87216A1C2300B682D6 /* HighChartsSample.app */ = {isa = PBXFileReference; explicitFileType = wrapper.application; includeInIndex = 0; path = HighChartsSample.app; sourceTree = BUILT_PRODUCTS_DIR; };
		362C2B8A216A1C2300B682D6 /* AppDelegate.swift */ = {isa = PBXFileReference; lastKnownFileType = sourcecode.swift; path = AppDelegate.swift; sourceTree = "<group>"; };
		362C2B8C216A1C2300B682D6 /* ViewController.swift */ = {isa = PBXFileReference; lastKnownFileType = sourcecode.swift; path = ViewController.swift; sourceTree = "<group>"; };
		362C2B8F216A1C2300B682D6 /* Base */ = {isa = PBXFileReference; lastKnownFileType = file.storyboard; name = Base; path = Base.lproj/Main.storyboard; sourceTree = "<group>"; };
		362C2B91216A1C2400B682D6 /* Assets.xcassets */ = {isa = PBXFileReference; lastKnownFileType = folder.assetcatalog; path = Assets.xcassets; sourceTree = "<group>"; };
		362C2B94216A1C2400B682D6 /* Base */ = {isa = PBXFileReference; lastKnownFileType = file.storyboard; name = Base; path = Base.lproj/LaunchScreen.storyboard; sourceTree = "<group>"; };
		362C2B96216A1C2400B682D6 /* Info.plist */ = {isa = PBXFileReference; lastKnownFileType = text.plist.xml; path = Info.plist; sourceTree = "<group>"; };
		362C2B9B216A1C2400B682D6 /* HighChartsSampleTests.xctest */ = {isa = PBXFileReference; explicitFileType = wrapper.cfbundle; includeInIndex = 0; path = HighChartsSampleTests.xctest; sourceTree = BUILT_PRODUCTS_DIR; };
		362C2B9F216A1C2400B682D6 /* HighChartsSampleTests.swift */ = {isa = PBXFileReference; lastKnownFileType = sourcecode.swift; path = HighChartsSampleTests.swift; sourceTree = "<group>"; };
		362C2BA1216A1C2400B682D6 /* Info.plist */ = {isa = PBXFileReference; lastKnownFileType = text.plist.xml; path = Info.plist; sourceTree = "<group>"; };
		362C2BA6216A1C2400B682D6 /* HighChartsSampleUITests.xctest */ = {isa = PBXFileReference; explicitFileType = wrapper.cfbundle; includeInIndex = 0; path = HighChartsSampleUITests.xctest; sourceTree = BUILT_PRODUCTS_DIR; };
		362C2BAA216A1C2400B682D6 /* HighChartsSampleUITests.swift */ = {isa = PBXFileReference; lastKnownFileType = sourcecode.swift; path = HighChartsSampleUITests.swift; sourceTree = "<group>"; };
		362C2BAC216A1C2400B682D6 /* Info.plist */ = {isa = PBXFileReference; lastKnownFileType = text.plist.xml; path = Info.plist; sourceTree = "<group>"; };
		362C2BB8216A228100B682D6 /* Highcharts.framework */ = {isa = PBXFileReference; lastKnownFileType = wrapper.framework; name = Highcharts.framework; path = Carthage/Build/iOS/Highcharts.framework; sourceTree = "<group>"; };
/* End PBXFileReference section */

/* Begin PBXFrameworksBuildPhase section */
		362C2B84216A1C2300B682D6 /* Frameworks */ = {
			isa = PBXFrameworksBuildPhase;
			buildActionMask = 2147483647;
			files = (
				362C2BB9216A228100B682D6 /* Highcharts.framework in Frameworks */,
			);
			runOnlyForDeploymentPostprocessing = 0;
		};
		362C2B98216A1C2400B682D6 /* Frameworks */ = {
			isa = PBXFrameworksBuildPhase;
			buildActionMask = 2147483647;
			files = (
			);
			runOnlyForDeploymentPostprocessing = 0;
		};
		362C2BA3216A1C2400B682D6 /* Frameworks */ = {
			isa = PBXFrameworksBuildPhase;
			buildActionMask = 2147483647;
			files = (
			);
			runOnlyForDeploymentPostprocessing = 0;
		};
/* End PBXFrameworksBuildPhase section */

/* Begin PBXGroup section */
		362C2B7E216A1C2300B682D6 = {
			isa = PBXGroup;
			children = (
				362C2BB8216A228100B682D6 /* Highcharts.framework */,
				362C2B89216A1C2300B682D6 /* HighChartsSample */,
				362C2B9E216A1C2400B682D6 /* HighChartsSampleTests */,
				362C2BA9216A1C2400B682D6 /* HighChartsSampleUITests */,
				362C2B88216A1C2300B682D6 /* Products */,
			);
			sourceTree = "<group>";
		};
		362C2B88216A1C2300B682D6 /* Products */ = {
			isa = PBXGroup;
			children = (
				362C2B87216A1C2300B682D6 /* HighChartsSample.app */,
				362C2B9B216A1C2400B682D6 /* HighChartsSampleTests.xctest */,
				362C2BA6216A1C2400B682D6 /* HighChartsSampleUITests.xctest */,
			);
			name = Products;
			sourceTree = "<group>";
		};
		362C2B89216A1C2300B682D6 /* HighChartsSample */ = {
			isa = PBXGroup;
			children = (
				362C2B8A216A1C2300B682D6 /* AppDelegate.swift */,
				362C2B8C216A1C2300B682D6 /* ViewController.swift */,
				362C2B8E216A1C2300B682D6 /* Main.storyboard */,
				362C2B91216A1C2400B682D6 /* Assets.xcassets */,
				362C2B93216A1C2400B682D6 /* LaunchScreen.storyboard */,
				362C2B96216A1C2400B682D6 /* Info.plist */,
			);
			path = HighChartsSample;
			sourceTree = "<group>";
		};
		362C2B9E216A1C2400B682D6 /* HighChartsSampleTests */ = {
			isa = PBXGroup;
			children = (
				362C2B9F216A1C2400B682D6 /* HighChartsSampleTests.swift */,
				362C2BA1216A1C2400B682D6 /* Info.plist */,
			);
			path = HighChartsSampleTests;
			sourceTree = "<group>";
		};
		362C2BA9216A1C2400B682D6 /* HighChartsSampleUITests */ = {
			isa = PBXGroup;
			children = (
				362C2BAA216A1C2400B682D6 /* HighChartsSampleUITests.swift */,
				362C2BAC216A1C2400B682D6 /* Info.plist */,
			);
			path = HighChartsSampleUITests;
			sourceTree = "<group>";
		};
/* End PBXGroup section */

/* Begin PBXNativeTarget section */
		362C2B86216A1C2300B682D6 /* HighChartsSample */ = {
			isa = PBXNativeTarget;
			buildConfigurationList = 362C2BAF216A1C2400B682D6 /* Build configuration list for PBXNativeTarget "HighChartsSample" */;
			buildPhases = (
				362C2B83216A1C2300B682D6 /* Sources */,
				362C2B84216A1C2300B682D6 /* Frameworks */,
				362C2B85216A1C2300B682D6 /* Resources */,
				362C2BBB216A228100B682D6 /* Embed Frameworks */,
				362C2BBC216A22BE00B682D6 /* ShellScript */,
			);
			buildRules = (
			);
			dependencies = (
			);
			name = HighChartsSample;
			productName = HighChartsSample;
			productReference = 362C2B87216A1C2300B682D6 /* HighChartsSample.app */;
			productType = "com.apple.product-type.application";
		};
		362C2B9A216A1C2400B682D6 /* HighChartsSampleTests */ = {
			isa = PBXNativeTarget;
			buildConfigurationList = 362C2BB2216A1C2400B682D6 /* Build configuration list for PBXNativeTarget "HighChartsSampleTests" */;
			buildPhases = (
				362C2B97216A1C2400B682D6 /* Sources */,
				362C2B98216A1C2400B682D6 /* Frameworks */,
				362C2B99216A1C2400B682D6 /* Resources */,
			);
			buildRules = (
			);
			dependencies = (
				362C2B9D216A1C2400B682D6 /* PBXTargetDependency */,
			);
			name = HighChartsSampleTests;
			productName = HighChartsSampleTests;
			productReference = 362C2B9B216A1C2400B682D6 /* HighChartsSampleTests.xctest */;
			productType = "com.apple.product-type.bundle.unit-test";
		};
		362C2BA5216A1C2400B682D6 /* HighChartsSampleUITests */ = {
			isa = PBXNativeTarget;
			buildConfigurationList = 362C2BB5216A1C2400B682D6 /* Build configuration list for PBXNativeTarget "HighChartsSampleUITests" */;
			buildPhases = (
				362C2BA2216A1C2400B682D6 /* Sources */,
				362C2BA3216A1C2400B682D6 /* Frameworks */,
				362C2BA4216A1C2400B682D6 /* Resources */,
			);
			buildRules = (
			);
			dependencies = (
				362C2BA8216A1C2400B682D6 /* PBXTargetDependency */,
			);
			name = HighChartsSampleUITests;
			productName = HighChartsSampleUITests;
			productReference = 362C2BA6216A1C2400B682D6 /* HighChartsSampleUITests.xctest */;
			productType = "com.apple.product-type.bundle.ui-testing";
		};
/* End PBXNativeTarget section */

/* Begin PBXProject section */
		362C2B7F216A1C2300B682D6 /* Project object */ = {
			isa = PBXProject;
			attributes = {
				LastSwiftUpdateCheck = 1000;
				LastUpgradeCheck = 1000;
				ORGANIZATIONNAME = Hakutaku;
				TargetAttributes = {
					362C2B86216A1C2300B682D6 = {
						CreatedOnToolsVersion = 10.0;
					};
					362C2B9A216A1C2400B682D6 = {
						CreatedOnToolsVersion = 10.0;
						TestTargetID = 362C2B86216A1C2300B682D6;
					};
					362C2BA5216A1C2400B682D6 = {
						CreatedOnToolsVersion = 10.0;
						TestTargetID = 362C2B86216A1C2300B682D6;
					};
				};
			};
			buildConfigurationList = 362C2B82216A1C2300B682D6 /* Build configuration list for PBXProject "HighChartsSample" */;
			compatibilityVersion = "Xcode 9.3";
			developmentRegion = en;
			hasScannedForEncodings = 0;
			knownRegions = (
				en,
				Base,
			);
			mainGroup = 362C2B7E216A1C2300B682D6;
			productRefGroup = 362C2B88216A1C2300B682D6 /* Products */;
			projectDirPath = "";
			projectRoot = "";
			targets = (
				362C2B86216A1C2300B682D6 /* HighChartsSample */,
				362C2B9A216A1C2400B682D6 /* HighChartsSampleTests */,
				362C2BA5216A1C2400B682D6 /* HighChartsSampleUITests */,
			);
		};
/* End PBXProject section */

/* Begin PBXResourcesBuildPhase section */
		362C2B85216A1C2300B682D6 /* Resources */ = {
			isa = PBXResourcesBuildPhase;
			buildActionMask = 2147483647;
			files = (
				362C2B95216A1C2400B682D6 /* LaunchScreen.storyboard in Resources */,
				362C2B92216A1C2400B682D6 /* Assets.xcassets in Resources */,
				362C2B90216A1C2300B682D6 /* Main.storyboard in Resources */,
			);
			runOnlyForDeploymentPostprocessing = 0;
		};
		362C2B99216A1C2400B682D6 /* Resources */ = {
			isa = PBXResourcesBuildPhase;
			buildActionMask = 2147483647;
			files = (
			);
			runOnlyForDeploymentPostprocessing = 0;
		};
		362C2BA4216A1C2400B682D6 /* Resources */ = {
			isa = PBXResourcesBuildPhase;
			buildActionMask = 2147483647;
			files = (
			);
			runOnlyForDeploymentPostprocessing = 0;
		};
/* End PBXResourcesBuildPhase section */

/* Begin PBXShellScriptBuildPhase section */
		362C2BBC216A22BE00B682D6 /* ShellScript */ = {
			isa = PBXShellScriptBuildPhase;
			buildActionMask = 2147483647;
			files = (
			);
			inputFileListPaths = (
			);
			inputPaths = (
				"$(SRCROOT)/Carthage/Build/iOS/Highcharts.framework",
			);
			outputFileListPaths = (
			);
			outputPaths = (
			);
			runOnlyForDeploymentPostprocessing = 0;
			shellPath = /bin/sh;
			shellScript = "/usr/local/bin/carthage copy-frameworks\n";
		};
/* End PBXShellScriptBuildPhase section */

/* Begin PBXSourcesBuildPhase section */
		362C2B83216A1C2300B682D6 /* Sources */ = {
			isa = PBXSourcesBuildPhase;
			buildActionMask = 2147483647;
			files = (
				362C2B8D216A1C2300B682D6 /* ViewController.swift in Sources */,
				362C2B8B216A1C2300B682D6 /* AppDelegate.swift in Sources */,
			);
			runOnlyForDeploymentPostprocessing = 0;
		};
		362C2B97216A1C2400B682D6 /* Sources */ = {
			isa = PBXSourcesBuildPhase;
			buildActionMask = 2147483647;
			files = (
				362C2BA0216A1C2400B682D6 /* HighChartsSampleTests.swift in Sources */,
			);
			runOnlyForDeploymentPostprocessing = 0;
		};
		362C2BA2216A1C2400B682D6 /* Sources */ = {
			isa = PBXSourcesBuildPhase;
			buildActionMask = 2147483647;
			files = (
				362C2BAB216A1C2400B682D6 /* HighChartsSampleUITests.swift in Sources */,
			);
			runOnlyForDeploymentPostprocessing = 0;
		};
/* End PBXSourcesBuildPhase section */

/* Begin PBXTargetDependency section */
		362C2B9D216A1C2400B682D6 /* PBXTargetDependency */ = {
			isa = PBXTargetDependency;
			target = 362C2B86216A1C2300B682D6 /* HighChartsSample */;
			targetProxy = 362C2B9C216A1C2400B682D6 /* PBXContainerItemProxy */;
		};
		362C2BA8216A1C2400B682D6 /* PBXTargetDependency */ = {
			isa = PBXTargetDependency;
			target = 362C2B86216A1C2300B682D6 /* HighChartsSample */;
			targetProxy = 362C2BA7216A1C2400B682D6 /* PBXContainerItemProxy */;
		};
/* End PBXTargetDependency section */

/* Begin PBXVariantGroup section */
		362C2B8E216A1C2300B682D6 /* Main.storyboard */ = {
			isa = PBXVariantGroup;
			children = (
				362C2B8F216A1C2300B682D6 /* Base */,
			);
			name = Main.storyboard;
			sourceTree = "<group>";
		};
		362C2B93216A1C2400B682D6 /* LaunchScreen.storyboard */ = {
			isa = PBXVariantGroup;
			children = (
				362C2B94216A1C2400B682D6 /* Base */,
			);
			name = LaunchScreen.storyboard;
			sourceTree = "<group>";
		};
/* End PBXVariantGroup section */

/* Begin XCBuildConfiguration section */
		362C2BAD216A1C2400B682D6 /* Debug */ = {
			isa = XCBuildConfiguration;
			buildSettings = {
				ALWAYS_SEARCH_USER_PATHS = NO;
				CLANG_ANALYZER_NONNULL = YES;
				CLANG_ANALYZER_NUMBER_OBJECT_CONVERSION = YES_AGGRESSIVE;
				CLANG_CXX_LANGUAGE_STANDARD = "gnu++14";
				CLANG_CXX_LIBRARY = "libc++";
				CLANG_ENABLE_MODULES = YES;
				CLANG_ENABLE_OBJC_ARC = YES;
				CLANG_ENABLE_OBJC_WEAK = YES;
				CLANG_WARN_BLOCK_CAPTURE_AUTORELEASING = YES;
				CLANG_WARN_BOOL_CONVERSION = YES;
				CLANG_WARN_COMMA = YES;
				CLANG_WARN_CONSTANT_CONVERSION = YES;
				CLANG_WARN_DEPRECATED_OBJC_IMPLEMENTATIONS = YES;
				CLANG_WARN_DIRECT_OBJC_ISA_USAGE = YES_ERROR;
				CLANG_WARN_DOCUMENTATION_COMMENTS = YES;
				CLANG_WARN_EMPTY_BODY = YES;
				CLANG_WARN_ENUM_CONVERSION = YES;
				CLANG_WARN_INFINITE_RECURSION = YES;
				CLANG_WARN_INT_CONVERSION = YES;
				CLANG_WARN_NON_LITERAL_NULL_CONVERSION = YES;
				CLANG_WARN_OBJC_IMPLICIT_RETAIN_SELF = YES;
				CLANG_WARN_OBJC_LITERAL_CONVERSION = YES;
				CLANG_WARN_OBJC_ROOT_CLASS = YES_ERROR;
				CLANG_WARN_RANGE_LOOP_ANALYSIS = YES;
				CLANG_WARN_STRICT_PROTOTYPES = YES;
				CLANG_WARN_SUSPICIOUS_MOVE = YES;
				CLANG_WARN_UNGUARDED_AVAILABILITY = YES_AGGRESSIVE;
				CLANG_WARN_UNREACHABLE_CODE = YES;
				CLANG_WARN__DUPLICATE_METHOD_MATCH = YES;
				CODE_SIGN_IDENTITY = "iPhone Developer";
				COPY_PHASE_STRIP = NO;
				DEBUG_INFORMATION_FORMAT = dwarf;
				ENABLE_STRICT_OBJC_MSGSEND = YES;
				ENABLE_TESTABILITY = YES;
				GCC_C_LANGUAGE_STANDARD = gnu11;
				GCC_DYNAMIC_NO_PIC = NO;
				GCC_NO_COMMON_BLOCKS = YES;
				GCC_OPTIMIZATION_LEVEL = 0;
				GCC_PREPROCESSOR_DEFINITIONS = (
					"DEBUG=1",
					"$(inherited)",
				);
				GCC_WARN_64_TO_32_BIT_CONVERSION = YES;
				GCC_WARN_ABOUT_RETURN_TYPE = YES_ERROR;
				GCC_WARN_UNDECLARED_SELECTOR = YES;
				GCC_WARN_UNINITIALIZED_AUTOS = YES_AGGRESSIVE;
				GCC_WARN_UNUSED_FUNCTION = YES;
				GCC_WARN_UNUSED_VARIABLE = YES;
				IPHONEOS_DEPLOYMENT_TARGET = 12.0;
				MTL_ENABLE_DEBUG_INFO = INCLUDE_SOURCE;
				MTL_FAST_MATH = YES;
				ONLY_ACTIVE_ARCH = YES;
				SDKROOT = iphoneos;
				SWIFT_ACTIVE_COMPILATION_CONDITIONS = DEBUG;
				SWIFT_OPTIMIZATION_LEVEL = "-Onone";
			};
			name = Debug;
		};
		362C2BAE216A1C2400B682D6 /* Release */ = {
			isa = XCBuildConfiguration;
			buildSettings = {
				ALWAYS_SEARCH_USER_PATHS = NO;
				CLANG_ANALYZER_NONNULL = YES;
				CLANG_ANALYZER_NUMBER_OBJECT_CONVERSION = YES_AGGRESSIVE;
				CLANG_CXX_LANGUAGE_STANDARD = "gnu++14";
				CLANG_CXX_LIBRARY = "libc++";
				CLANG_ENABLE_MODULES = YES;
				CLANG_ENABLE_OBJC_ARC = YES;
				CLANG_ENABLE_OBJC_WEAK = YES;
				CLANG_WARN_BLOCK_CAPTURE_AUTORELEASING = YES;
				CLANG_WARN_BOOL_CONVERSION = YES;
				CLANG_WARN_COMMA = YES;
				CLANG_WARN_CONSTANT_CONVERSION = YES;
				CLANG_WARN_DEPRECATED_OBJC_IMPLEMENTATIONS = YES;
				CLANG_WARN_DIRECT_OBJC_ISA_USAGE = YES_ERROR;
				CLANG_WARN_DOCUMENTATION_COMMENTS = YES;
				CLANG_WARN_EMPTY_BODY = YES;
				CLANG_WARN_ENUM_CONVERSION = YES;
				CLANG_WARN_INFINITE_RECURSION = YES;
				CLANG_WARN_INT_CONVERSION = YES;
				CLANG_WARN_NON_LITERAL_NULL_CONVERSION = YES;
				CLANG_WARN_OBJC_IMPLICIT_RETAIN_SELF = YES;
				CLANG_WARN_OBJC_LITERAL_CONVERSION = YES;
				CLANG_WARN_OBJC_ROOT_CLASS = YES_ERROR;
				CLANG_WARN_RANGE_LOOP_ANALYSIS = YES;
				CLANG_WARN_STRICT_PROTOTYPES = YES;
				CLANG_WARN_SUSPICIOUS_MOVE = YES;
				CLANG_WARN_UNGUARDED_AVAILABILITY = YES_AGGRESSIVE;
				CLANG_WARN_UNREACHABLE_CODE = YES;
				CLANG_WARN__DUPLICATE_METHOD_MATCH = YES;
				CODE_SIGN_IDENTITY = "iPhone Developer";
				COPY_PHASE_STRIP = NO;
				DEBUG_INFORMATION_FORMAT = "dwarf-with-dsym";
				ENABLE_NS_ASSERTIONS = NO;
				ENABLE_STRICT_OBJC_MSGSEND = YES;
				GCC_C_LANGUAGE_STANDARD = gnu11;
				GCC_NO_COMMON_BLOCKS = YES;
				GCC_WARN_64_TO_32_BIT_CONVERSION = YES;
				GCC_WARN_ABOUT_RETURN_TYPE = YES_ERROR;
				GCC_WARN_UNDECLARED_SELECTOR = YES;
				GCC_WARN_UNINITIALIZED_AUTOS = YES_AGGRESSIVE;
				GCC_WARN_UNUSED_FUNCTION = YES;
				GCC_WARN_UNUSED_VARIABLE = YES;
				IPHONEOS_DEPLOYMENT_TARGET = 12.0;
				MTL_ENABLE_DEBUG_INFO = NO;
				MTL_FAST_MATH = YES;
				SDKROOT = iphoneos;
				SWIFT_COMPILATION_MODE = wholemodule;
				SWIFT_OPTIMIZATION_LEVEL = "-O";
				VALIDATE_PRODUCT = YES;
			};
			name = Release;
		};
		362C2BB0216A1C2400B682D6 /* Debug */ = {
			isa = XCBuildConfiguration;
			buildSettings = {
				ASSETCATALOG_COMPILER_APPICON_NAME = AppIcon;
				CODE_SIGN_STYLE = Automatic;
				FRAMEWORK_SEARCH_PATHS = (
					"$(inherited)",
					"$(PROJECT_DIR)/Carthage/Build/iOS",
				);
				INFOPLIST_FILE = HighChartsSample/Info.plist;
				LD_RUNPATH_SEARCH_PATHS = (
					"$(inherited)",
					"@executable_path/Frameworks",
				);
				PRODUCT_BUNDLE_IDENTIFIER = com.hakutaku.HighChartsSample;
				PRODUCT_NAME = "$(TARGET_NAME)";
				SWIFT_VERSION = 4.2;
				TARGETED_DEVICE_FAMILY = "1,2";
			};
			name = Debug;
		};
		362C2BB1216A1C2400B682D6 /* Release */ = {
			isa = XCBuildConfiguration;
			buildSettings = {
				ASSETCATALOG_COMPILER_APPICON_NAME = AppIcon;
				CODE_SIGN_STYLE = Automatic;
				FRAMEWORK_SEARCH_PATHS = (
					"$(inherited)",
					"$(PROJECT_DIR)/Carthage/Build/iOS",
				);
				INFOPLIST_FILE = HighChartsSample/Info.plist;
				LD_RUNPATH_SEARCH_PATHS = (
					"$(inherited)",
					"@executable_path/Frameworks",
				);
				PRODUCT_BUNDLE_IDENTIFIER = com.hakutaku.HighChartsSample;
				PRODUCT_NAME = "$(TARGET_NAME)";
				SWIFT_VERSION = 4.2;
				TARGETED_DEVICE_FAMILY = "1,2";
			};
			name = Release;
		};
		362C2BB3216A1C2400B682D6 /* Debug */ = {
			isa = XCBuildConfiguration;
			buildSettings = {
				ALWAYS_EMBED_SWIFT_STANDARD_LIBRARIES = YES;
				BUNDLE_LOADER = "$(TEST_HOST)";
				CODE_SIGN_STYLE = Automatic;
				INFOPLIST_FILE = HighChartsSampleTests/Info.plist;
				LD_RUNPATH_SEARCH_PATHS = (
					"$(inherited)",
					"@executable_path/Frameworks",
					"@loader_path/Frameworks",
				);
				PRODUCT_BUNDLE_IDENTIFIER = com.hakutaku.HighChartsSampleTests;
				PRODUCT_NAME = "$(TARGET_NAME)";
				SWIFT_VERSION = 4.2;
				TARGETED_DEVICE_FAMILY = "1,2";
				TEST_HOST = "$(BUILT_PRODUCTS_DIR)/HighChartsSample.app/HighChartsSample";
			};
			name = Debug;
		};
		362C2BB4216A1C2400B682D6 /* Release */ = {
			isa = XCBuildConfiguration;
			buildSettings = {
				ALWAYS_EMBED_SWIFT_STANDARD_LIBRARIES = YES;
				BUNDLE_LOADER = "$(TEST_HOST)";
				CODE_SIGN_STYLE = Automatic;
				INFOPLIST_FILE = HighChartsSampleTests/Info.plist;
				LD_RUNPATH_SEARCH_PATHS = (
					"$(inherited)",
					"@executable_path/Frameworks",
					"@loader_path/Frameworks",
				);
				PRODUCT_BUNDLE_IDENTIFIER = com.hakutaku.HighChartsSampleTests;
				PRODUCT_NAME = "$(TARGET_NAME)";
				SWIFT_VERSION = 4.2;
				TARGETED_DEVICE_FAMILY = "1,2";
				TEST_HOST = "$(BUILT_PRODUCTS_DIR)/HighChartsSample.app/HighChartsSample";
			};
			name = Release;
		};
		362C2BB6216A1C2400B682D6 /* Debug */ = {
			isa = XCBuildConfiguration;
			buildSettings = {
				ALWAYS_EMBED_SWIFT_STANDARD_LIBRARIES = YES;
				CODE_SIGN_STYLE = Automatic;
				INFOPLIST_FILE = HighChartsSampleUITests/Info.plist;
				LD_RUNPATH_SEARCH_PATHS = (
					"$(inherited)",
					"@executable_path/Frameworks",
					"@loader_path/Frameworks",
				);
				PRODUCT_BUNDLE_IDENTIFIER = com.hakutaku.HighChartsSampleUITests;
				PRODUCT_NAME = "$(TARGET_NAME)";
				SWIFT_VERSION = 4.2;
				TARGETED_DEVICE_FAMILY = "1,2";
				TEST_TARGET_NAME = HighChartsSample;
			};
			name = Debug;
		};
		362C2BB7216A1C2400B682D6 /* Release */ = {
			isa = XCBuildConfiguration;
			buildSettings = {
				ALWAYS_EMBED_SWIFT_STANDARD_LIBRARIES = YES;
				CODE_SIGN_STYLE = Automatic;
				INFOPLIST_FILE = HighChartsSampleUITests/Info.plist;
				LD_RUNPATH_SEARCH_PATHS = (
					"$(inherited)",
					"@executable_path/Frameworks",
					"@loader_path/Frameworks",
				);
				PRODUCT_BUNDLE_IDENTIFIER = com.hakutaku.HighChartsSampleUITests;
				PRODUCT_NAME = "$(TARGET_NAME)";
				SWIFT_VERSION = 4.2;
				TARGETED_DEVICE_FAMILY = "1,2";
				TEST_TARGET_NAME = HighChartsSample;
			};
			name = Release;
		};
/* End XCBuildConfiguration section */

/* Begin XCConfigurationList section */
		362C2B82216A1C2300B682D6 /* Build configuration list for PBXProject "HighChartsSample" */ = {
			isa = XCConfigurationList;
			buildConfigurations = (
				362C2BAD216A1C2400B682D6 /* Debug */,
				362C2BAE216A1C2400B682D6 /* Release */,
			);
			defaultConfigurationIsVisible = 0;
			defaultConfigurationName = Release;
		};
		362C2BAF216A1C2400B682D6 /* Build configuration list for PBXNativeTarget "HighChartsSample" */ = {
			isa = XCConfigurationList;
			buildConfigurations = (
				362C2BB0216A1C2400B682D6 /* Debug */,
				362C2BB1216A1C2400B682D6 /* Release */,
			);
			defaultConfigurationIsVisible = 0;
			defaultConfigurationName = Release;
		};
		362C2BB2216A1C2400B682D6 /* Build configuration list for PBXNativeTarget "HighChartsSampleTests" */ = {
			isa = XCConfigurationList;
			buildConfigurations = (
				362C2BB3216A1C2400B682D6 /* Debug */,
				362C2BB4216A1C2400B682D6 /* Release */,
			);
			defaultConfigurationIsVisible = 0;
			defaultConfigurationName = Release;
		};
		362C2BB5216A1C2400B682D6 /* Build configuration list for PBXNativeTarget "HighChartsSampleUITests" */ = {
			isa = XCConfigurationList;
			buildConfigurations = (
				362C2BB6216A1C2400B682D6 /* Debug */,
				362C2BB7216A1C2400B682D6 /* Release */,
			);
			defaultConfigurationIsVisible = 0;
			defaultConfigurationName = Release;
		};
/* End XCConfigurationList section */
	};
	rootObject = 362C2B7F216A1C2300B682D6 /* Project object */;
}
